// !$*UTF8*$!
{
	archiveVersion = 1;
	classes = {
	};
	objectVersion = 56;
	objects = {

/* Begin PBXBuildFile section */
		7247BA62297E7B3B009CFF1A /* AppDelegate.swift in Sources */ = {isa = PBXBuildFile; fileRef = 7247BA61297E7B3B009CFF1A /* AppDelegate.swift */; };
		7247BA64297E7B3B009CFF1A /* SceneDelegate.swift in Sources */ = {isa = PBXBuildFile; fileRef = 7247BA63297E7B3B009CFF1A /* SceneDelegate.swift */; };
		7247BA66297E7B3B009CFF1A /* MainTabBarViewController.swift in Sources */ = {isa = PBXBuildFile; fileRef = 7247BA65297E7B3B009CFF1A /* MainTabBarViewController.swift */; };
		7247BA6C297E7B3B009CFF1A /* RAWG.xcdatamodeld in Sources */ = {isa = PBXBuildFile; fileRef = 7247BA6A297E7B3B009CFF1A /* RAWG.xcdatamodeld */; };
		7247BA6E297E7B3C009CFF1A /* Assets.xcassets in Resources */ = {isa = PBXBuildFile; fileRef = 7247BA6D297E7B3C009CFF1A /* Assets.xcassets */; };
		7247BA71297E7B3C009CFF1A /* LaunchScreen.storyboard in Resources */ = {isa = PBXBuildFile; fileRef = 7247BA6F297E7B3C009CFF1A /* LaunchScreen.storyboard */; };
		7247BA7A297E7C24009CFF1A /* HomeViewController.swift in Sources */ = {isa = PBXBuildFile; fileRef = 7247BA79297E7C24009CFF1A /* HomeViewController.swift */; };
		7247BA7C297E7C49009CFF1A /* SearchViewController.swift in Sources */ = {isa = PBXBuildFile; fileRef = 7247BA7B297E7C49009CFF1A /* SearchViewController.swift */; };
		7247BA7E297E7C5C009CFF1A /* FavoriteViewController.swift in Sources */ = {isa = PBXBuildFile; fileRef = 7247BA7D297E7C5C009CFF1A /* FavoriteViewController.swift */; };
		7247BA82297E80FD009CFF1A /* ItemTableViewCell.swift in Sources */ = {isa = PBXBuildFile; fileRef = 7247BA81297E80FD009CFF1A /* ItemTableViewCell.swift */; };
		7247BA84297E8549009CFF1A /* HeaderUIView.swift in Sources */ = {isa = PBXBuildFile; fileRef = 7247BA83297E8549009CFF1A /* HeaderUIView.swift */; };
		7247BA87297FAD82009CFF1A /* APICaller.swift in Sources */ = {isa = PBXBuildFile; fileRef = 7247BA86297FAD82009CFF1A /* APICaller.swift */; };
		7247BA89297FB29E009CFF1A /* GamesModel.swift in Sources */ = {isa = PBXBuildFile; fileRef = 7247BA88297FB29E009CFF1A /* GamesModel.swift */; };
		7247BA8C297FCEB9009CFF1A /* SDWebImage in Frameworks */ = {isa = PBXBuildFile; productRef = 7247BA8B297FCEB9009CFF1A /* SDWebImage */; };
		7247BA8E297FCEB9009CFF1A /* SDWebImageMapKit in Frameworks */ = {isa = PBXBuildFile; productRef = 7247BA8D297FCEB9009CFF1A /* SDWebImageMapKit */; };
		729445E2297FF1AA00E78112 /* ItemCellModel.swift in Sources */ = {isa = PBXBuildFile; fileRef = 729445E1297FF1AA00E78112 /* ItemCellModel.swift */; };
/* End PBXBuildFile section */

/* Begin PBXFileReference section */
		7247BA5E297E7B3B009CFF1A /* RAWG.app */ = {isa = PBXFileReference; explicitFileType = wrapper.application; includeInIndex = 0; path = RAWG.app; sourceTree = BUILT_PRODUCTS_DIR; };
		7247BA61297E7B3B009CFF1A /* AppDelegate.swift */ = {isa = PBXFileReference; lastKnownFileType = sourcecode.swift; path = AppDelegate.swift; sourceTree = "<group>"; };
		7247BA63297E7B3B009CFF1A /* SceneDelegate.swift */ = {isa = PBXFileReference; lastKnownFileType = sourcecode.swift; path = SceneDelegate.swift; sourceTree = "<group>"; };
		7247BA65297E7B3B009CFF1A /* MainTabBarViewController.swift */ = {isa = PBXFileReference; lastKnownFileType = sourcecode.swift; path = MainTabBarViewController.swift; sourceTree = "<group>"; };
		7247BA6B297E7B3B009CFF1A /* RAWG.xcdatamodel */ = {isa = PBXFileReference; lastKnownFileType = wrapper.xcdatamodel; path = RAWG.xcdatamodel; sourceTree = "<group>"; };
		7247BA6D297E7B3C009CFF1A /* Assets.xcassets */ = {isa = PBXFileReference; lastKnownFileType = folder.assetcatalog; path = Assets.xcassets; sourceTree = "<group>"; };
		7247BA70297E7B3C009CFF1A /* Base */ = {isa = PBXFileReference; lastKnownFileType = file.storyboard; name = Base; path = Base.lproj/LaunchScreen.storyboard; sourceTree = "<group>"; };
		7247BA72297E7B3C009CFF1A /* Info.plist */ = {isa = PBXFileReference; lastKnownFileType = text.plist.xml; path = Info.plist; sourceTree = "<group>"; };
		7247BA79297E7C24009CFF1A /* HomeViewController.swift */ = {isa = PBXFileReference; lastKnownFileType = sourcecode.swift; path = HomeViewController.swift; sourceTree = "<group>"; };
		7247BA7B297E7C49009CFF1A /* SearchViewController.swift */ = {isa = PBXFileReference; lastKnownFileType = sourcecode.swift; path = SearchViewController.swift; sourceTree = "<group>"; };
		7247BA7D297E7C5C009CFF1A /* FavoriteViewController.swift */ = {isa = PBXFileReference; lastKnownFileType = sourcecode.swift; path = FavoriteViewController.swift; sourceTree = "<group>"; };
		7247BA81297E80FD009CFF1A /* ItemTableViewCell.swift */ = {isa = PBXFileReference; lastKnownFileType = sourcecode.swift; path = ItemTableViewCell.swift; sourceTree = "<group>"; };
		7247BA83297E8549009CFF1A /* HeaderUIView.swift */ = {isa = PBXFileReference; lastKnownFileType = sourcecode.swift; path = HeaderUIView.swift; sourceTree = "<group>"; };
		7247BA86297FAD82009CFF1A /* APICaller.swift */ = {isa = PBXFileReference; lastKnownFileType = sourcecode.swift; path = APICaller.swift; sourceTree = "<group>"; };
		7247BA88297FB29E009CFF1A /* GamesModel.swift */ = {isa = PBXFileReference; lastKnownFileType = sourcecode.swift; path = GamesModel.swift; sourceTree = "<group>"; };
		729445E1297FF1AA00E78112 /* ItemCellModel.swift */ = {isa = PBXFileReference; lastKnownFileType = sourcecode.swift; path = ItemCellModel.swift; sourceTree = "<group>"; };
/* End PBXFileReference section */

/* Begin PBXFrameworksBuildPhase section */
		7247BA5B297E7B3B009CFF1A /* Frameworks */ = {
			isa = PBXFrameworksBuildPhase;
			buildActionMask = 2147483647;
			files = (
				7247BA8E297FCEB9009CFF1A /* SDWebImageMapKit in Frameworks */,
				7247BA8C297FCEB9009CFF1A /* SDWebImage in Frameworks */,
			);
			runOnlyForDeploymentPostprocessing = 0;
		};
/* End PBXFrameworksBuildPhase section */

/* Begin PBXGroup section */
		7247BA55297E7B3B009CFF1A = {
			isa = PBXGroup;
			children = (
				7247BA60297E7B3B009CFF1A /* RAWG */,
				7247BA5F297E7B3B009CFF1A /* Products */,
			);
			sourceTree = "<group>";
		};
		7247BA5F297E7B3B009CFF1A /* Products */ = {
			isa = PBXGroup;
			children = (
				7247BA5E297E7B3B009CFF1A /* RAWG.app */,
			);
			name = Products;
			sourceTree = "<group>";
		};
		7247BA60297E7B3B009CFF1A /* RAWG */ = {
			isa = PBXGroup;
			children = (
				7247BA85297FAD71009CFF1A /* Managers */,
				7247BA80297E8050009CFF1A /* Views */,
				7247BA7F297E8044009CFF1A /* Models */,
				7247BA78297E7C04009CFF1A /* Controllers */,
				7247BA61297E7B3B009CFF1A /* AppDelegate.swift */,
				7247BA63297E7B3B009CFF1A /* SceneDelegate.swift */,
				7247BA6D297E7B3C009CFF1A /* Assets.xcassets */,
				7247BA6F297E7B3C009CFF1A /* LaunchScreen.storyboard */,
				7247BA72297E7B3C009CFF1A /* Info.plist */,
				7247BA6A297E7B3B009CFF1A /* RAWG.xcdatamodeld */,
			);
			path = RAWG;
			sourceTree = "<group>";
		};
		7247BA78297E7C04009CFF1A /* Controllers */ = {
			isa = PBXGroup;
			children = (
				7247BA79297E7C24009CFF1A /* HomeViewController.swift */,
				7247BA7B297E7C49009CFF1A /* SearchViewController.swift */,
				7247BA7D297E7C5C009CFF1A /* FavoriteViewController.swift */,
				7247BA65297E7B3B009CFF1A /* MainTabBarViewController.swift */,
			);
			path = Controllers;
			sourceTree = "<group>";
		};
		7247BA7F297E8044009CFF1A /* Models */ = {
			isa = PBXGroup;
			children = (
				7247BA88297FB29E009CFF1A /* GamesModel.swift */,
				729445E1297FF1AA00E78112 /* ItemCellModel.swift */,
			);
			path = Models;
			sourceTree = "<group>";
		};
		7247BA80297E8050009CFF1A /* Views */ = {
			isa = PBXGroup;
			children = (
				7247BA81297E80FD009CFF1A /* ItemTableViewCell.swift */,
				7247BA83297E8549009CFF1A /* HeaderUIView.swift */,
			);
			path = Views;
			sourceTree = "<group>";
		};
		7247BA85297FAD71009CFF1A /* Managers */ = {
			isa = PBXGroup;
			children = (
				7247BA86297FAD82009CFF1A /* APICaller.swift */,
			);
			path = Managers;
			sourceTree = "<group>";
		};
/* End PBXGroup section */

/* Begin PBXNativeTarget section */
		7247BA5D297E7B3B009CFF1A /* RAWG */ = {
			isa = PBXNativeTarget;
			buildConfigurationList = 7247BA75297E7B3C009CFF1A /* Build configuration list for PBXNativeTarget "RAWG" */;
			buildPhases = (
				7247BA5A297E7B3B009CFF1A /* Sources */,
				7247BA5B297E7B3B009CFF1A /* Frameworks */,
				7247BA5C297E7B3B009CFF1A /* Resources */,
			);
			buildRules = (
			);
			dependencies = (
			);
			name = RAWG;
			packageProductDependencies = (
				7247BA8B297FCEB9009CFF1A /* SDWebImage */,
				7247BA8D297FCEB9009CFF1A /* SDWebImageMapKit */,
			);
			productName = RAWG;
			productReference = 7247BA5E297E7B3B009CFF1A /* RAWG.app */;
			productType = "com.apple.product-type.application";
		};
/* End PBXNativeTarget section */

/* Begin PBXProject section */
		7247BA56297E7B3B009CFF1A /* Project object */ = {
			isa = PBXProject;
			attributes = {
				BuildIndependentTargetsInParallel = 1;
				LastSwiftUpdateCheck = 1420;
				LastUpgradeCheck = 1420;
				TargetAttributes = {
					7247BA5D297E7B3B009CFF1A = {
						CreatedOnToolsVersion = 14.2;
					};
				};
			};
			buildConfigurationList = 7247BA59297E7B3B009CFF1A /* Build configuration list for PBXProject "RAWG" */;
			compatibilityVersion = "Xcode 14.0";
			developmentRegion = en;
			hasScannedForEncodings = 0;
			knownRegions = (
				en,
				Base,
			);
			mainGroup = 7247BA55297E7B3B009CFF1A;
			packageReferences = (
				7247BA8A297FCEB9009CFF1A /* XCRemoteSwiftPackageReference "SDWebImage" */,
			);
			productRefGroup = 7247BA5F297E7B3B009CFF1A /* Products */;
			projectDirPath = "";
			projectRoot = "";
			targets = (
				7247BA5D297E7B3B009CFF1A /* RAWG */,
			);
		};
/* End PBXProject section */

/* Begin PBXResourcesBuildPhase section */
		7247BA5C297E7B3B009CFF1A /* Resources */ = {
			isa = PBXResourcesBuildPhase;
			buildActionMask = 2147483647;
			files = (
				7247BA71297E7B3C009CFF1A /* LaunchScreen.storyboard in Resources */,
				7247BA6E297E7B3C009CFF1A /* Assets.xcassets in Resources */,
			);
			runOnlyForDeploymentPostprocessing = 0;
		};
/* End PBXResourcesBuildPhase section */

/* Begin PBXSourcesBuildPhase section */
		7247BA5A297E7B3B009CFF1A /* Sources */ = {
			isa = PBXSourcesBuildPhase;
			buildActionMask = 2147483647;
			files = (
				7247BA7C297E7C49009CFF1A /* SearchViewController.swift in Sources */,
				7247BA7A297E7C24009CFF1A /* HomeViewController.swift in Sources */,
				7247BA66297E7B3B009CFF1A /* MainTabBarViewController.swift in Sources */,
				7247BA89297FB29E009CFF1A /* GamesModel.swift in Sources */,
				7247BA87297FAD82009CFF1A /* APICaller.swift in Sources */,
				7247BA84297E8549009CFF1A /* HeaderUIView.swift in Sources */,
				729445E2297FF1AA00E78112 /* ItemCellModel.swift in Sources */,
				7247BA7E297E7C5C009CFF1A /* FavoriteViewController.swift in Sources */,
				7247BA82297E80FD009CFF1A /* ItemTableViewCell.swift in Sources */,
				7247BA62297E7B3B009CFF1A /* AppDelegate.swift in Sources */,
				7247BA6C297E7B3B009CFF1A /* RAWG.xcdatamodeld in Sources */,
				7247BA64297E7B3B009CFF1A /* SceneDelegate.swift in Sources */,
			);
			runOnlyForDeploymentPostprocessing = 0;
		};
/* End PBXSourcesBuildPhase section */

/* Begin PBXVariantGroup section */
		7247BA6F297E7B3C009CFF1A /* LaunchScreen.storyboard */ = {
			isa = PBXVariantGroup;
			children = (
				7247BA70297E7B3C009CFF1A /* Base */,
			);
			name = LaunchScreen.storyboard;
			sourceTree = "<group>";
		};
/* End PBXVariantGroup section */

/* Begin XCBuildConfiguration section */
		7247BA73297E7B3C009CFF1A /* Debug */ = {
			isa = XCBuildConfiguration;
			buildSettings = {
				ALWAYS_SEARCH_USER_PATHS = NO;
				CLANG_ANALYZER_NONNULL = YES;
				CLANG_ANALYZER_NUMBER_OBJECT_CONVERSION = YES_AGGRESSIVE;
				CLANG_CXX_LANGUAGE_STANDARD = "gnu++20";
				CLANG_ENABLE_MODULES = YES;
				CLANG_ENABLE_OBJC_ARC = YES;
				CLANG_ENABLE_OBJC_WEAK = YES;
				CLANG_WARN_BLOCK_CAPTURE_AUTORELEASING = YES;
				CLANG_WARN_BOOL_CONVERSION = YES;
				CLANG_WARN_COMMA = YES;
				CLANG_WARN_CONSTANT_CONVERSION = YES;
				CLANG_WARN_DEPRECATED_OBJC_IMPLEMENTATIONS = YES;
				CLANG_WARN_DIRECT_OBJC_ISA_USAGE = YES_ERROR;
				CLANG_WARN_DOCUMENTATION_COMMENTS = YES;
				CLANG_WARN_EMPTY_BODY = YES;
				CLANG_WARN_ENUM_CONVERSION = YES;
				CLANG_WARN_INFINITE_RECURSION = YES;
				CLANG_WARN_INT_CONVERSION = YES;
				CLANG_WARN_NON_LITERAL_NULL_CONVERSION = YES;
				CLANG_WARN_OBJC_IMPLICIT_RETAIN_SELF = YES;
				CLANG_WARN_OBJC_LITERAL_CONVERSION = YES;
				CLANG_WARN_OBJC_ROOT_CLASS = YES_ERROR;
				CLANG_WARN_QUOTED_INCLUDE_IN_FRAMEWORK_HEADER = YES;
				CLANG_WARN_RANGE_LOOP_ANALYSIS = YES;
				CLANG_WARN_STRICT_PROTOTYPES = YES;
				CLANG_WARN_SUSPICIOUS_MOVE = YES;
				CLANG_WARN_UNGUARDED_AVAILABILITY = YES_AGGRESSIVE;
				CLANG_WARN_UNREACHABLE_CODE = YES;
				CLANG_WARN__DUPLICATE_METHOD_MATCH = YES;
				COPY_PHASE_STRIP = NO;
				DEBUG_INFORMATION_FORMAT = dwarf;
				ENABLE_STRICT_OBJC_MSGSEND = YES;
				ENABLE_TESTABILITY = YES;
				GCC_C_LANGUAGE_STANDARD = gnu11;
				GCC_DYNAMIC_NO_PIC = NO;
				GCC_NO_COMMON_BLOCKS = YES;
				GCC_OPTIMIZATION_LEVEL = 0;
				GCC_PREPROCESSOR_DEFINITIONS = (
					"DEBUG=1",
					"$(inherited)",
				);
				GCC_WARN_64_TO_32_BIT_CONVERSION = YES;
				GCC_WARN_ABOUT_RETURN_TYPE = YES_ERROR;
				GCC_WARN_UNDECLARED_SELECTOR = YES;
				GCC_WARN_UNINITIALIZED_AUTOS = YES_AGGRESSIVE;
				GCC_WARN_UNUSED_FUNCTION = YES;
				GCC_WARN_UNUSED_VARIABLE = YES;
				IPHONEOS_DEPLOYMENT_TARGET = 16.2;
				MTL_ENABLE_DEBUG_INFO = INCLUDE_SOURCE;
				MTL_FAST_MATH = YES;
				ONLY_ACTIVE_ARCH = YES;
				SDKROOT = iphoneos;
				SWIFT_ACTIVE_COMPILATION_CONDITIONS = DEBUG;
				SWIFT_OPTIMIZATION_LEVEL = "-Onone";
			};
			name = Debug;
		};
		7247BA74297E7B3C009CFF1A /* Release */ = {
			isa = XCBuildConfiguration;
			buildSettings = {
				ALWAYS_SEARCH_USER_PATHS = NO;
				CLANG_ANALYZER_NONNULL = YES;
				CLANG_ANALYZER_NUMBER_OBJECT_CONVERSION = YES_AGGRESSIVE;
				CLANG_CXX_LANGUAGE_STANDARD = "gnu++20";
				CLANG_ENABLE_MODULES = YES;
				CLANG_ENABLE_OBJC_ARC = YES;
				CLANG_ENABLE_OBJC_WEAK = YES;
				CLANG_WARN_BLOCK_CAPTURE_AUTORELEASING = YES;
				CLANG_WARN_BOOL_CONVERSION = YES;
				CLANG_WARN_COMMA = YES;
				CLANG_WARN_CONSTANT_CONVERSION = YES;
				CLANG_WARN_DEPRECATED_OBJC_IMPLEMENTATIONS = YES;
				CLANG_WARN_DIRECT_OBJC_ISA_USAGE = YES_ERROR;
				CLANG_WARN_DOCUMENTATION_COMMENTS = YES;
				CLANG_WARN_EMPTY_BODY = YES;
				CLANG_WARN_ENUM_CONVERSION = YES;
				CLANG_WARN_INFINITE_RECURSION = YES;
				CLANG_WARN_INT_CONVERSION = YES;
				CLANG_WARN_NON_LITERAL_NULL_CONVERSION = YES;
				CLANG_WARN_OBJC_IMPLICIT_RETAIN_SELF = YES;
				CLANG_WARN_OBJC_LITERAL_CONVERSION = YES;
				CLANG_WARN_OBJC_ROOT_CLASS = YES_ERROR;
				CLANG_WARN_QUOTED_INCLUDE_IN_FRAMEWORK_HEADER = YES;
				CLANG_WARN_RANGE_LOOP_ANALYSIS = YES;
				CLANG_WARN_STRICT_PROTOTYPES = YES;
				CLANG_WARN_SUSPICIOUS_MOVE = YES;
				CLANG_WARN_UNGUARDED_AVAILABILITY = YES_AGGRESSIVE;
				CLANG_WARN_UNREACHABLE_CODE = YES;
				CLANG_WARN__DUPLICATE_METHOD_MATCH = YES;
				COPY_PHASE_STRIP = NO;
				DEBUG_INFORMATION_FORMAT = "dwarf-with-dsym";
				ENABLE_NS_ASSERTIONS = NO;
				ENABLE_STRICT_OBJC_MSGSEND = YES;
				GCC_C_LANGUAGE_STANDARD = gnu11;
				GCC_NO_COMMON_BLOCKS = YES;
				GCC_WARN_64_TO_32_BIT_CONVERSION = YES;
				GCC_WARN_ABOUT_RETURN_TYPE = YES_ERROR;
				GCC_WARN_UNDECLARED_SELECTOR = YES;
				GCC_WARN_UNINITIALIZED_AUTOS = YES_AGGRESSIVE;
				GCC_WARN_UNUSED_FUNCTION = YES;
				GCC_WARN_UNUSED_VARIABLE = YES;
				IPHONEOS_DEPLOYMENT_TARGET = 16.2;
				MTL_ENABLE_DEBUG_INFO = NO;
				MTL_FAST_MATH = YES;
				SDKROOT = iphoneos;
				SWIFT_COMPILATION_MODE = wholemodule;
				SWIFT_OPTIMIZATION_LEVEL = "-O";
				VALIDATE_PRODUCT = YES;
			};
			name = Release;
		};
		7247BA76297E7B3C009CFF1A /* Debug */ = {
			isa = XCBuildConfiguration;
			buildSettings = {
				ASSETCATALOG_COMPILER_APPICON_NAME = AppIcon;
				ASSETCATALOG_COMPILER_GLOBAL_ACCENT_COLOR_NAME = AccentColor;
				CODE_SIGN_STYLE = Automatic;
				CURRENT_PROJECT_VERSION = 1;
				DEVELOPMENT_TEAM = V352KC79H8;
				GENERATE_INFOPLIST_FILE = YES;
				INFOPLIST_FILE = RAWG/Info.plist;
				INFOPLIST_KEY_UIApplicationSupportsIndirectInputEvents = YES;
				INFOPLIST_KEY_UILaunchStoryboardName = LaunchScreen;
				INFOPLIST_KEY_UISupportedInterfaceOrientations_iPad = "UIInterfaceOrientationPortrait UIInterfaceOrientationPortraitUpsideDown UIInterfaceOrientationLandscapeLeft UIInterfaceOrientationLandscapeRight";
				INFOPLIST_KEY_UISupportedInterfaceOrientations_iPhone = "UIInterfaceOrientationPortrait UIInterfaceOrientationLandscapeLeft UIInterfaceOrientationLandscapeRight";
				LD_RUNPATH_SEARCH_PATHS = (
					"$(inherited)",
					"@executable_path/Frameworks",
				);
				MARKETING_VERSION = 1.0;
				PRODUCT_BUNDLE_IDENTIFIER = com.zeynepOzdemirAcikgoz.RAWG;
				PRODUCT_NAME = "$(TARGET_NAME)";
				SWIFT_EMIT_LOC_STRINGS = YES;
				SWIFT_VERSION = 5.0;
				TARGETED_DEVICE_FAMILY = "1,2";
			};
			name = Debug;
		};
		7247BA77297E7B3C009CFF1A /* Release */ = {
			isa = XCBuildConfiguration;
			buildSettings = {
				ASSETCATALOG_COMPILER_APPICON_NAME = AppIcon;
				ASSETCATALOG_COMPILER_GLOBAL_ACCENT_COLOR_NAME = AccentColor;
				CODE_SIGN_STYLE = Automatic;
				CURRENT_PROJECT_VERSION = 1;
				DEVELOPMENT_TEAM = V352KC79H8;
				GENERATE_INFOPLIST_FILE = YES;
				INFOPLIST_FILE = RAWG/Info.plist;
				INFOPLIST_KEY_UIApplicationSupportsIndirectInputEvents = YES;
				INFOPLIST_KEY_UILaunchStoryboardName = LaunchScreen;
				INFOPLIST_KEY_UISupportedInterfaceOrientations_iPad = "UIInterfaceOrientationPortrait UIInterfaceOrientationPortraitUpsideDown UIInterfaceOrientationLandscapeLeft UIInterfaceOrientationLandscapeRight";
				INFOPLIST_KEY_UISupportedInterfaceOrientations_iPhone = "UIInterfaceOrientationPortrait UIInterfaceOrientationLandscapeLeft UIInterfaceOrientationLandscapeRight";
				LD_RUNPATH_SEARCH_PATHS = (
					"$(inherited)",
					"@executable_path/Frameworks",
				);
				MARKETING_VERSION = 1.0;
				PRODUCT_BUNDLE_IDENTIFIER = com.zeynepOzdemirAcikgoz.RAWG;
				PRODUCT_NAME = "$(TARGET_NAME)";
				SWIFT_EMIT_LOC_STRINGS = YES;
				SWIFT_VERSION = 5.0;
				TARGETED_DEVICE_FAMILY = "1,2";
			};
			name = Release;
		};
/* End XCBuildConfiguration section */

/* Begin XCConfigurationList section */
		7247BA59297E7B3B009CFF1A /* Build configuration list for PBXProject "RAWG" */ = {
			isa = XCConfigurationList;
			buildConfigurations = (
				7247BA73297E7B3C009CFF1A /* Debug */,
				7247BA74297E7B3C009CFF1A /* Release */,
			);
			defaultConfigurationIsVisible = 0;
			defaultConfigurationName = Release;
		};
		7247BA75297E7B3C009CFF1A /* Build configuration list for PBXNativeTarget "RAWG" */ = {
			isa = XCConfigurationList;
			buildConfigurations = (
				7247BA76297E7B3C009CFF1A /* Debug */,
				7247BA77297E7B3C009CFF1A /* Release */,
			);
			defaultConfigurationIsVisible = 0;
			defaultConfigurationName = Release;
		};
/* End XCConfigurationList section */

/* Begin XCRemoteSwiftPackageReference section */
		7247BA8A297FCEB9009CFF1A /* XCRemoteSwiftPackageReference "SDWebImage" */ = {
			isa = XCRemoteSwiftPackageReference;
			repositoryURL = "https://github.com/SDWebImage/SDWebImage.git";
			requirement = {
				branch = master;
				kind = branch;
			};
		};
/* End XCRemoteSwiftPackageReference section */

/* Begin XCSwiftPackageProductDependency section */
		7247BA8B297FCEB9009CFF1A /* SDWebImage */ = {
			isa = XCSwiftPackageProductDependency;
			package = 7247BA8A297FCEB9009CFF1A /* XCRemoteSwiftPackageReference "SDWebImage" */;
			productName = SDWebImage;
		};
		7247BA8D297FCEB9009CFF1A /* SDWebImageMapKit */ = {
			isa = XCSwiftPackageProductDependency;
			package = 7247BA8A297FCEB9009CFF1A /* XCRemoteSwiftPackageReference "SDWebImage" */;
			productName = SDWebImageMapKit;
		};
/* End XCSwiftPackageProductDependency section */

/* Begin XCVersionGroup section */
		7247BA6A297E7B3B009CFF1A /* RAWG.xcdatamodeld */ = {
			isa = XCVersionGroup;
			children = (
				7247BA6B297E7B3B009CFF1A /* RAWG.xcdatamodel */,
			);
			currentVersion = 7247BA6B297E7B3B009CFF1A /* RAWG.xcdatamodel */;
			path = RAWG.xcdatamodeld;
			sourceTree = "<group>";
			versionGroupType = wrapper.xcdatamodel;
		};
/* End XCVersionGroup section */
	};
	rootObject = 7247BA56297E7B3B009CFF1A /* Project object */;
}
